{
  "version": 4,
  "terraform_version": "1.3.4",
  "serial": 6,
  "lineage": "5a8f144a-9188-8da4-b9ee-8ff2c0c0cefa",
  "outputs": {
    "external_ip_address": {
      "value": {
        "clickhouse": "62.84.118.73",
        "lighthouse": "158.160.60.75",
        "vector": "158.160.97.93"
      },
      "type": [
        "object",
        {
          "clickhouse": "string",
          "lighthouse": "string",
          "vector": "string"
        }
      ]
    }
  },
  "resources": [
    {
      "mode": "data",
      "type": "yandex_compute_image",
      "name": "centos7",
      "provider": "provider[\"registry.terraform.io/yandex-cloud/yandex\"]",
      "instances": [
        {
          "schema_version": 0,
          "attributes": {
            "created_at": "2023-04-10T10:50:34Z",
            "description": "centos 7",
            "family": "centos-7",
            "folder_id": "standard-images",
            "id": "fd8eoeecvg8rahd1psqr",
            "image_id": "fd8eoeecvg8rahd1psqr",
            "labels": {},
            "min_disk_size": 10,
            "name": "centos-7-v20230410",
            "os_type": "linux",
            "pooled": true,
            "product_ids": [
              "f2e8dmr273i8ghkrlgq3"
            ],
            "size": 1,
            "status": "ready"
          },
          "sensitive_attributes": []
        }
      ]
    },
    {
      "mode": "managed",
      "type": "yandex_compute_instance",
      "name": "netology_ansible_03",
      "provider": "provider[\"registry.terraform.io/yandex-cloud/yandex\"]",
      "instances": [
        {
          "index_key": "clickhouse",
          "schema_version": 1,
          "attributes": {
            "allow_recreate": null,
            "allow_stopping_for_update": null,
            "boot_disk": [
              {
                "auto_delete": true,
                "device_name": "fhmkha5n4e3r3f7i2514",
                "disk_id": "fhmkha5n4e3r3f7i2514",
                "initialize_params": [
                  {
                    "block_size": 4096,
                    "description": "",
                    "image_id": "fd8eoeecvg8rahd1psqr",
                    "name": "",
                    "size": 10,
                    "snapshot_id": "",
                    "type": "network-hdd"
                  }
                ],
                "mode": "READ_WRITE"
              }
            ],
            "created_at": "2023-04-12T14:52:51Z",
            "description": "",
            "filesystem": [],
            "folder_id": "b1g7r7ds9ra1dmhiri72",
            "fqdn": "fhmup7kc1udmqcklgtnc.auto.internal",
            "gpu_cluster_id": "",
            "hostname": "",
            "id": "fhmup7kc1udmqcklgtnc",
            "labels": null,
            "local_disk": [],
            "metadata": {
              "ssh-keys": "ubuntu:ssh-ed25519 AAAAC3NzaC1lZDI1NTE5AAAAIC7JiAQRpz0c7x84UST7xEc3NrliyD2B4eg5nobQ/liH ditry@study\n"
            },
            "metadata_options": [
              {
                "aws_v1_http_endpoint": 1,
                "aws_v1_http_token": 2,
                "gce_http_endpoint": 1,
                "gce_http_token": 1
              }
            ],
            "name": "clickhouse-01",
            "network_acceleration_type": "standard",
            "network_interface": [
              {
                "dns_record": [],
                "index": 0,
                "ip_address": "192.168.10.35",
                "ipv4": true,
                "ipv6": false,
                "ipv6_address": "",
                "ipv6_dns_record": [],
                "mac_address": "d0:0d:1e:c9:e8:c0",
                "nat": true,
                "nat_dns_record": [],
                "nat_ip_address": "62.84.118.73",
                "nat_ip_version": "IPV4",
                "security_group_ids": [],
                "subnet_id": "e9bjoartjv25d3tf52md"
              }
            ],
            "placement_policy": [
              {
                "host_affinity_rules": [],
                "placement_group_id": ""
              }
            ],
            "platform_id": "standard-v2",
            "resources": [
              {
                "core_fraction": 100,
                "cores": 4,
                "gpus": 0,
                "memory": 4
              }
            ],
            "scheduling_policy": [
              {
                "preemptible": false
              }
            ],
            "secondary_disk": [],
            "service_account_id": "",
            "status": "running",
            "timeouts": null,
            "zone": "ru-central1-a"
          },
          "sensitive_attributes": [],
          "private": "eyJlMmJmYjczMC1lY2FhLTExZTYtOGY4OC0zNDM2M2JjN2M0YzAiOnsiY3JlYXRlIjozMDAwMDAwMDAwMDAsImRlbGV0ZSI6MzAwMDAwMDAwMDAwLCJ1cGRhdGUiOjMwMDAwMDAwMDAwMH0sInNjaGVtYV92ZXJzaW9uIjoiMSJ9",
          "dependencies": [
            "data.yandex_compute_image.centos7",
            "yandex_vpc_network.netology_net",
            "yandex_vpc_subnet.ansible_03_subnet"
          ]
        },
        {
          "index_key": "lighthouse",
          "schema_version": 1,
          "attributes": {
            "allow_recreate": null,
            "allow_stopping_for_update": null,
            "boot_disk": [
              {
                "auto_delete": true,
                "device_name": "fhm8lpriq5970m2g8bus",
                "disk_id": "fhm8lpriq5970m2g8bus",
                "initialize_params": [
                  {
                    "block_size": 4096,
                    "description": "",
                    "image_id": "fd8eoeecvg8rahd1psqr",
                    "name": "",
                    "size": 10,
                    "snapshot_id": "",
                    "type": "network-hdd"
                  }
                ],
                "mode": "READ_WRITE"
              }
            ],
            "created_at": "2023-04-12T14:52:52Z",
            "description": "",
            "filesystem": [],
            "folder_id": "b1g7r7ds9ra1dmhiri72",
            "fqdn": "fhmap0579ici27ocgb3t.auto.internal",
            "gpu_cluster_id": "",
            "hostname": "",
            "id": "fhmap0579ici27ocgb3t",
            "labels": null,
            "local_disk": [],
            "metadata": {
              "ssh-keys": "ubuntu:ssh-ed25519 AAAAC3NzaC1lZDI1NTE5AAAAIC7JiAQRpz0c7x84UST7xEc3NrliyD2B4eg5nobQ/liH ditry@study\n"
            },
            "metadata_options": [
              {
                "aws_v1_http_endpoint": 1,
                "aws_v1_http_token": 2,
                "gce_http_endpoint": 1,
                "gce_http_token": 1
              }
            ],
            "name": "lighthouse-01",
            "network_acceleration_type": "standard",
            "network_interface": [
              {
                "dns_record": [],
                "index": 0,
                "ip_address": "192.168.10.34",
                "ipv4": true,
                "ipv6": false,
                "ipv6_address": "",
                "ipv6_dns_record": [],
                "mac_address": "d0:0d:ac:80:a7:4c",
                "nat": true,
                "nat_dns_record": [],
                "nat_ip_address": "158.160.60.75",
                "nat_ip_version": "IPV4",
                "security_group_ids": [],
                "subnet_id": "e9bjoartjv25d3tf52md"
              }
            ],
            "placement_policy": [
              {
                "host_affinity_rules": [],
                "placement_group_id": ""
              }
            ],
            "platform_id": "standard-v1",
            "resources": [
              {
                "core_fraction": 100,
                "cores": 2,
                "gpus": 0,
                "memory": 2
              }
            ],
            "scheduling_policy": [
              {
                "preemptible": false
              }
            ],
            "secondary_disk": [],
            "service_account_id": "",
            "status": "running",
            "timeouts": null,
            "zone": "ru-central1-a"
          },
          "sensitive_attributes": [],
          "private": "eyJlMmJmYjczMC1lY2FhLTExZTYtOGY4OC0zNDM2M2JjN2M0YzAiOnsiY3JlYXRlIjozMDAwMDAwMDAwMDAsImRlbGV0ZSI6MzAwMDAwMDAwMDAwLCJ1cGRhdGUiOjMwMDAwMDAwMDAwMH0sInNjaGVtYV92ZXJzaW9uIjoiMSJ9",
          "dependencies": [
            "data.yandex_compute_image.centos7",
            "yandex_vpc_network.netology_net",
            "yandex_vpc_subnet.ansible_03_subnet"
          ]
        },
        {
          "index_key": "vector",
          "schema_version": 1,
          "attributes": {
            "allow_recreate": null,
            "allow_stopping_for_update": null,
            "boot_disk": [
              {
                "auto_delete": true,
                "device_name": "fhmr72oo8tb9k4db1f7e",
                "disk_id": "fhmr72oo8tb9k4db1f7e",
                "initialize_params": [
                  {
                    "block_size": 4096,
                    "description": "",
                    "image_id": "fd8eoeecvg8rahd1psqr",
                    "name": "",
                    "size": 10,
                    "snapshot_id": "",
                    "type": "network-hdd"
                  }
                ],
                "mode": "READ_WRITE"
              }
            ],
            "created_at": "2023-04-12T14:52:52Z",
            "description": "",
            "filesystem": [],
            "folder_id": "b1g7r7ds9ra1dmhiri72",
            "fqdn": "fhmajhj797arveufspqu.auto.internal",
            "gpu_cluster_id": "",
            "hostname": "",
            "id": "fhmajhj797arveufspqu",
            "labels": null,
            "local_disk": [],
            "metadata": {
              "ssh-keys": "ubuntu:ssh-ed25519 AAAAC3NzaC1lZDI1NTE5AAAAIC7JiAQRpz0c7x84UST7xEc3NrliyD2B4eg5nobQ/liH ditry@study\n"
            },
            "metadata_options": [
              {
                "aws_v1_http_endpoint": 1,
                "aws_v1_http_token": 2,
                "gce_http_endpoint": 1,
                "gce_http_token": 1
              }
            ],
            "name": "vector-01",
            "network_acceleration_type": "standard",
            "network_interface": [
              {
                "dns_record": [],
                "index": 0,
                "ip_address": "192.168.10.16",
                "ipv4": true,
                "ipv6": false,
                "ipv6_address": "",
                "ipv6_dns_record": [],
                "mac_address": "d0:0d:a9:c6:67:49",
                "nat": true,
                "nat_dns_record": [],
                "nat_ip_address": "158.160.97.93",
                "nat_ip_version": "IPV4",
                "security_group_ids": [],
                "subnet_id": "e9bjoartjv25d3tf52md"
              }
            ],
            "placement_policy": [
              {
                "host_affinity_rules": [],
                "placement_group_id": ""
              }
            ],
            "platform_id": "standard-v2",
            "resources": [
              {
                "core_fraction": 100,
                "cores": 2,
                "gpus": 0,
                "memory": 2
              }
            ],
            "scheduling_policy": [
              {
                "preemptible": false
              }
            ],
            "secondary_disk": [],
            "service_account_id": "",
            "status": "running",
            "timeouts": null,
            "zone": "ru-central1-a"
          },
          "sensitive_attributes": [],
          "private": "eyJlMmJmYjczMC1lY2FhLTExZTYtOGY4OC0zNDM2M2JjN2M0YzAiOnsiY3JlYXRlIjozMDAwMDAwMDAwMDAsImRlbGV0ZSI6MzAwMDAwMDAwMDAwLCJ1cGRhdGUiOjMwMDAwMDAwMDAwMH0sInNjaGVtYV92ZXJzaW9uIjoiMSJ9",
          "dependencies": [
            "data.yandex_compute_image.centos7",
            "yandex_vpc_network.netology_net",
            "yandex_vpc_subnet.ansible_03_subnet"
          ]
        }
      ]
    },
    {
      "mode": "managed",
      "type": "yandex_vpc_network",
      "name": "netology_net",
      "provider": "provider[\"registry.terraform.io/yandex-cloud/yandex\"]",
      "instances": [
        {
          "schema_version": 0,
          "attributes": {
            "created_at": "2023-04-12T14:52:48Z",
            "default_security_group_id": "",
            "description": "",
            "folder_id": "b1g7r7ds9ra1dmhiri72",
            "id": "enpekmn09n3mhjfadkrv",
            "labels": {},
            "name": "",
            "subnet_ids": [],
            "timeouts": null
          },
          "sensitive_attributes": [],
          "private": "eyJlMmJmYjczMC1lY2FhLTExZTYtOGY4OC0zNDM2M2JjN2M0YzAiOnsiY3JlYXRlIjo2MDAwMDAwMDAwMCwiZGVsZXRlIjo2MDAwMDAwMDAwMCwidXBkYXRlIjo2MDAwMDAwMDAwMH19"
        }
      ]
    },
    {
      "mode": "managed",
      "type": "yandex_vpc_subnet",
      "name": "ansible_03_subnet",
      "provider": "provider[\"registry.terraform.io/yandex-cloud/yandex\"]",
      "instances": [
        {
          "schema_version": 0,
          "attributes": {
            "created_at": "2023-04-12T14:52:49Z",
            "description": "",
            "dhcp_options": [],
            "folder_id": "b1g7r7ds9ra1dmhiri72",
            "id": "e9bjoartjv25d3tf52md",
            "labels": {},
            "name": "ansible-03-lan",
            "network_id": "enpekmn09n3mhjfadkrv",
            "route_table_id": "",
            "timeouts": null,
            "v4_cidr_blocks": [
              "192.168.10.0/24"
            ],
            "v6_cidr_blocks": [],
            "zone": "ru-central1-a"
          },
          "sensitive_attributes": [],
          "private": "eyJlMmJmYjczMC1lY2FhLTExZTYtOGY4OC0zNDM2M2JjN2M0YzAiOnsiY3JlYXRlIjoxODAwMDAwMDAwMDAsImRlbGV0ZSI6MTgwMDAwMDAwMDAwLCJ1cGRhdGUiOjE4MDAwMDAwMDAwMH19",
          "dependencies": [
            "yandex_vpc_network.netology_net"
          ]
        }
      ]
    }
  ],
  "check_results": null
}
